
Microsoft Visual Studio Solution File, Format Version 12.00
# Visual Studio 15
VisualStudioVersion = 15.0.27703.2042
MinimumVisualStudioVersion = 10.0.40219.1
Project("{FAE04EC0-301F-11D3-BF4B-00C04F79EFBC}") = "ShoppingApi", "ShoppingApi\ShoppingApi.csproj", "{3134B464-C6B9-4DAF-BBD4-AB39292E9F7F}"
EndProject
Global
	GlobalSection(SolutionConfigurationPlatforms) = preSolution
		Debug|Any CPU = Debug|Any CPU
		Release|Any CPU = Release|Any CPU
	EndGlobalSection
	GlobalSection(ProjectConfigurationPlatforms) = postSolution
		{3134B464-C6B9-4DAF-BBD4-AB39292E9F7F}.Debug|Any CPU.ActiveCfg = Debug|Any CPU
		{3134B464-C6B9-4DAF-BBD4-AB39292E9F7F}.Debug|Any CPU.Build.0 = Debug|Any CPU
		{3134B464-C6B9-4DAF-BBD4-AB39292E9F7F}.Release|Any CPU.ActiveCfg = Release|Any CPU
		{3134B464-C6B9-4DAF-BBD4-AB39292E9F7F}.Release|Any CPU.Build.0 = Release|Any CPU
	EndGlobalSection
	GlobalSection(SolutionProperties) = preSolution
		HideSolutionNode = FALSE
	EndGlobalSection
	GlobalSection(ExtensibilityGlobals) = postSolution
		SolutionGuid = {1A83E05F-E52C-432B-8728-CB1DC887AB12}
	EndGlobalSection
EndGlobal
