
Microsoft Visual Studio Solution File, Format Version 12.00
# Visual Studio 15
VisualStudioVersion = 15.0.27703.2042
MinimumVisualStudioVersion = 10.0.40219.1
Project("{FAE04EC0-301F-11D3-BF4B-00C04F79EFBC}") = "FlightAndHotelApi", "FlightAndHotelApi\FlightAndHotelApi.csproj", "{E12F18D2-18CF-4203-9942-0FE8F3F7A1F7}"
EndProject
Global
	GlobalSection(SolutionConfigurationPlatforms) = preSolution
		Debug|Any CPU = Debug|Any CPU
		Release|Any CPU = Release|Any CPU
	EndGlobalSection
	GlobalSection(ProjectConfigurationPlatforms) = postSolution
		{E12F18D2-18CF-4203-9942-0FE8F3F7A1F7}.Debug|Any CPU.ActiveCfg = Debug|Any CPU
		{E12F18D2-18CF-4203-9942-0FE8F3F7A1F7}.Debug|Any CPU.Build.0 = Debug|Any CPU
		{E12F18D2-18CF-4203-9942-0FE8F3F7A1F7}.Release|Any CPU.ActiveCfg = Release|Any CPU
		{E12F18D2-18CF-4203-9942-0FE8F3F7A1F7}.Release|Any CPU.Build.0 = Release|Any CPU
	EndGlobalSection
	GlobalSection(SolutionProperties) = preSolution
		HideSolutionNode = FALSE
	EndGlobalSection
	GlobalSection(ExtensibilityGlobals) = postSolution
		SolutionGuid = {01E933BF-C89E-4E37-A3F9-932B6B49D544}
	EndGlobalSection
EndGlobal
